
Microsoft Visual Studio Solution File, Format Version 12.00
# Visual Studio Version 17
VisualStudioVersion = 17.3.32929.385
MinimumVisualStudioVersion = 10.0.40219.1
Project("{FAE04EC0-301F-11D3-BF4B-00C04F79EFBC}") = "Task1", "Task1\Task1.csproj", "{060E0AB0-241C-4481-9F4D-F0055DEF0862}"
EndProject
Project("{FAE04EC0-301F-11D3-BF4B-00C04F79EFBC}") = "Task2", "Task2\Task2.csproj", "{AAE73B60-CFE4-4621-A9B0-56C3042CEE3A}"
EndProject
Global
	GlobalSection(SolutionConfigurationPlatforms) = preSolution
		Debug|Any CPU = Debug|Any CPU
		Release|Any CPU = Release|Any CPU
	EndGlobalSection
	GlobalSection(ProjectConfigurationPlatforms) = postSolution
		{060E0AB0-241C-4481-9F4D-F0055DEF0862}.Debug|Any CPU.ActiveCfg = Debug|Any CPU
		{060E0AB0-241C-4481-9F4D-F0055DEF0862}.Debug|Any CPU.Build.0 = Debug|Any CPU
		{060E0AB0-241C-4481-9F4D-F0055DEF0862}.Release|Any CPU.ActiveCfg = Release|Any CPU
		{060E0AB0-241C-4481-9F4D-F0055DEF0862}.Release|Any CPU.Build.0 = Release|Any CPU
		{AAE73B60-CFE4-4621-A9B0-56C3042CEE3A}.Debug|Any CPU.ActiveCfg = Debug|Any CPU
		{AAE73B60-CFE4-4621-A9B0-56C3042CEE3A}.Debug|Any CPU.Build.0 = Debug|Any CPU
		{AAE73B60-CFE4-4621-A9B0-56C3042CEE3A}.Release|Any CPU.ActiveCfg = Release|Any CPU
		{AAE73B60-CFE4-4621-A9B0-56C3042CEE3A}.Release|Any CPU.Build.0 = Release|Any CPU
	EndGlobalSection
	GlobalSection(SolutionProperties) = preSolution
		HideSolutionNode = FALSE
	EndGlobalSection
	GlobalSection(ExtensibilityGlobals) = postSolution
		SolutionGuid = {ECA33105-D880-456F-AFEE-BE823C4EEB06}
	EndGlobalSection
EndGlobal
